
Microsoft Visual Studio Solution File, Format Version 12.00
# Visual Studio Version 17
VisualStudioVersion = 17.3.32929.385
MinimumVisualStudioVersion = 10.0.40219.1
Project("{FAE04EC0-301F-11D3-BF4B-00C04F79EFBC}") = "MathService", "MathService\MathService.csproj", "{8E617D49-2D93-4B60-9B62-60B8EB16779F}"
EndProject
Global
	GlobalSection(SolutionConfigurationPlatforms) = preSolution
		Debug|Any CPU = Debug|Any CPU
		Release|Any CPU = Release|Any CPU
	EndGlobalSection
	GlobalSection(ProjectConfigurationPlatforms) = postSolution
		{8E617D49-2D93-4B60-9B62-60B8EB16779F}.Debug|Any CPU.ActiveCfg = Debug|Any CPU
		{8E617D49-2D93-4B60-9B62-60B8EB16779F}.Debug|Any CPU.Build.0 = Debug|Any CPU
		{8E617D49-2D93-4B60-9B62-60B8EB16779F}.Release|Any CPU.ActiveCfg = Release|Any CPU
		{8E617D49-2D93-4B60-9B62-60B8EB16779F}.Release|Any CPU.Build.0 = Release|Any CPU
	EndGlobalSection
	GlobalSection(SolutionProperties) = preSolution
		HideSolutionNode = FALSE
	EndGlobalSection
	GlobalSection(ExtensibilityGlobals) = postSolution
		SolutionGuid = {79755326-188F-4ADB-86B4-6AC6E46BFE97}
	EndGlobalSection
EndGlobal
